
Microsoft Visual Studio Solution File, Format Version 12.00
# Visual Studio Version 16
VisualStudioVersion = 16.0.31424.327
MinimumVisualStudioVersion = 10.0.40219.1
Project("{9A19103F-16F7-4668-BE54-9A1E7A4F7556}") = "RegexValidation", "RegexValidation.csproj", "{8913B4D4-D2A0-4D6B-A513-7637E3D0677A}"
EndProject
Project("{FAE04EC0-301F-11D3-BF4B-00C04F79EFBC}") = "RegexTesting", "..\RegexTesting\RegexTesting.csproj", "{7E1EE4D5-6EF4-4A01-9859-74F084355D07}"
EndProject
Global
	GlobalSection(SolutionConfigurationPlatforms) = preSolution
		Debug|Any CPU = Debug|Any CPU
		Release|Any CPU = Release|Any CPU
	EndGlobalSection
	GlobalSection(ProjectConfigurationPlatforms) = postSolution
		{8913B4D4-D2A0-4D6B-A513-7637E3D0677A}.Debug|Any CPU.ActiveCfg = Debug|Any CPU
		{8913B4D4-D2A0-4D6B-A513-7637E3D0677A}.Debug|Any CPU.Build.0 = Debug|Any CPU
		{8913B4D4-D2A0-4D6B-A513-7637E3D0677A}.Release|Any CPU.ActiveCfg = Release|Any CPU
		{8913B4D4-D2A0-4D6B-A513-7637E3D0677A}.Release|Any CPU.Build.0 = Release|Any CPU
		{7E1EE4D5-6EF4-4A01-9859-74F084355D07}.Debug|Any CPU.ActiveCfg = Debug|Any CPU
		{7E1EE4D5-6EF4-4A01-9859-74F084355D07}.Debug|Any CPU.Build.0 = Debug|Any CPU
		{7E1EE4D5-6EF4-4A01-9859-74F084355D07}.Release|Any CPU.ActiveCfg = Release|Any CPU
		{7E1EE4D5-6EF4-4A01-9859-74F084355D07}.Release|Any CPU.Build.0 = Release|Any CPU
	EndGlobalSection
	GlobalSection(SolutionProperties) = preSolution
		HideSolutionNode = FALSE
	EndGlobalSection
	GlobalSection(ExtensibilityGlobals) = postSolution
		SolutionGuid = {66E990ED-6A29-4AA4-BF58-35A5C2DEAC4C}
	EndGlobalSection
EndGlobal
